
Microsoft Visual Studio Solution File, Format Version 12.00
# Visual Studio Version 16
VisualStudioVersion = 16.0.30320.27
MinimumVisualStudioVersion = 10.0.40219.1
Project("{FAE04EC0-301F-11D3-BF4B-00C04F79EFBC}") = "BattleFaceCodeChallenge", "BattleFaceCodeChallenge\BattleFaceCodeChallenge.csproj", "{A73C3EE7-A594-4234-8489-556DE4E62338}"
EndProject
Global
	GlobalSection(SolutionConfigurationPlatforms) = preSolution
		Debug|Any CPU = Debug|Any CPU
		Release|Any CPU = Release|Any CPU
	EndGlobalSection
	GlobalSection(ProjectConfigurationPlatforms) = postSolution
		{A73C3EE7-A594-4234-8489-556DE4E62338}.Debug|Any CPU.ActiveCfg = Debug|Any CPU
		{A73C3EE7-A594-4234-8489-556DE4E62338}.Debug|Any CPU.Build.0 = Debug|Any CPU
		{A73C3EE7-A594-4234-8489-556DE4E62338}.Release|Any CPU.ActiveCfg = Release|Any CPU
		{A73C3EE7-A594-4234-8489-556DE4E62338}.Release|Any CPU.Build.0 = Release|Any CPU
	EndGlobalSection
	GlobalSection(SolutionProperties) = preSolution
		HideSolutionNode = FALSE
	EndGlobalSection
	GlobalSection(ExtensibilityGlobals) = postSolution
		SolutionGuid = {2E8A3424-BE6C-4299-9DEB-F65240449578}
	EndGlobalSection
EndGlobal
